PODS:
  - Alamofire (4.6.0)
  - IQAudioRecorderController (1.2.2):
    - SCSiriWaveformView
  - Kingfisher (4.6.1)
  - MJRefresh (3.1.15.3)
  - Realm (3.1.1):
    - Realm/Headers (= 3.1.1)
  - Realm/Headers (3.1.1)
  - RealmSwift (3.1.1):
    - Realm (= 3.1.1)
  - RxCocoa (4.1.2):
    - RxSwift (~> 4.0)
  - RxSwift (4.1.2)
  - SCSiriWaveformView (1.1.1)
  - SVProgressHUD (2.2.2)
  - SwiftyJSON (4.0.0)

DEPENDENCIES:
  - Alamofire (~> 4.5)
  - IQAudioRecorderController
  - Kingfisher (~> 4.0)
  - MJRefresh
  - RealmSwift
  - RxCocoa (~> 4.0)
  - RxSwift (~> 4.0)
  - SVProgressHUD
  - SwiftyJSON

SPEC CHECKSUMS:
  Alamofire: f41a599bd63041760b26d393ec1069d9d7b917f4
  IQAudioRecorderController: 98092734d2f7182d629eaa54b6bbcdb4283bfce2
  Kingfisher: 1f9157d9c02b380cbd0b7cc890161195164eb634
  MJRefresh: b48380ae2b927b46c4ef000de9adb8dc748e1df7
  Realm: 42d1c38a5b1bbcc828b48a7ce702cb86fc68adf4
  RealmSwift: d31937ca6a6ee54acde64ec839523c0a3c04924b
  RxCocoa: d88ba0f1f6abf040011a9eb4b539324fc426843a
  RxSwift: e49536837d9901277638493ea537394d4b55f570
  SCSiriWaveformView: 15b9dd6f94c7536e2032b34a35c6ff74d38c7411
  SVProgressHUD: 59b2d3dabacbd051576d21d32293ca7228dc18b0
  SwiftyJSON: 070dabdcb1beb81b247c65ffa3a79dbbfb3b48aa

PODFILE CHECKSUM: 1909263d7ece7b55f570d905f5053d1ae1ed3798

COCOAPODS: 1.4.0
